
Microsoft Visual Studio Solution File, Format Version 12.00
# Visual Studio Version 16
VisualStudioVersion = 16.0.34301.259
MinimumVisualStudioVersion = 10.0.40219.1
Project("{FAE04EC0-301F-11D3-BF4B-00C04F79EFBC}") = "rubtsova_rr21", "rubtsova_rr21.csproj", "{D0D977FF-A5BB-48E6-9FEC-3618B7973431}"
EndProject
Global
	GlobalSection(SolutionConfigurationPlatforms) = preSolution
		Debug|Any CPU = Debug|Any CPU
		Release|Any CPU = Release|Any CPU
	EndGlobalSection
	GlobalSection(ProjectConfigurationPlatforms) = postSolution
		{D0D977FF-A5BB-48E6-9FEC-3618B7973431}.Debug|Any CPU.ActiveCfg = Debug|Any CPU
		{D0D977FF-A5BB-48E6-9FEC-3618B7973431}.Debug|Any CPU.Build.0 = Debug|Any CPU
		{D0D977FF-A5BB-48E6-9FEC-3618B7973431}.Release|Any CPU.ActiveCfg = Release|Any CPU
		{D0D977FF-A5BB-48E6-9FEC-3618B7973431}.Release|Any CPU.Build.0 = Release|Any CPU
	EndGlobalSection
	GlobalSection(SolutionProperties) = preSolution
		HideSolutionNode = FALSE
	EndGlobalSection
	GlobalSection(ExtensibilityGlobals) = postSolution
		SolutionGuid = {3E7850DF-0A52-44C0-A248-6701ADD195BE}
	EndGlobalSection
EndGlobal
